
Microsoft Visual Studio Solution File, Format Version 12.00
# Visual Studio Version 17
VisualStudioVersion = 17.6.33829.357
MinimumVisualStudioVersion = 10.0.40219.1
Project("{9A19103F-16F7-4668-BE54-9A1E7A4F7556}") = "HallowEngine", "HallowEngine\HallowEngine.csproj", "{A99CE8A3-B8EE-414C-BC55-62CB1DB8EB6E}"
EndProject
Project("{FAE04EC0-301F-11D3-BF4B-00C04F79EFBC}") = "HallowEngine.Playground", "HallowEngine.Playground\HallowEngine.Playground.csproj", "{4A0E161B-7E57-4381-974D-7AA724192B5F}"
EndProject
Global
	GlobalSection(SolutionConfigurationPlatforms) = preSolution
		Debug|Any CPU = Debug|Any CPU
		Release|Any CPU = Release|Any CPU
	EndGlobalSection
	GlobalSection(ProjectConfigurationPlatforms) = postSolution
		{A99CE8A3-B8EE-414C-BC55-62CB1DB8EB6E}.Debug|Any CPU.ActiveCfg = Debug|Any CPU
		{A99CE8A3-B8EE-414C-BC55-62CB1DB8EB6E}.Debug|Any CPU.Build.0 = Debug|Any CPU
		{A99CE8A3-B8EE-414C-BC55-62CB1DB8EB6E}.Release|Any CPU.ActiveCfg = Release|Any CPU
		{A99CE8A3-B8EE-414C-BC55-62CB1DB8EB6E}.Release|Any CPU.Build.0 = Release|Any CPU
		{4A0E161B-7E57-4381-974D-7AA724192B5F}.Debug|Any CPU.ActiveCfg = Debug|Any CPU
		{4A0E161B-7E57-4381-974D-7AA724192B5F}.Debug|Any CPU.Build.0 = Debug|Any CPU
		{4A0E161B-7E57-4381-974D-7AA724192B5F}.Release|Any CPU.ActiveCfg = Release|Any CPU
		{4A0E161B-7E57-4381-974D-7AA724192B5F}.Release|Any CPU.Build.0 = Release|Any CPU
	EndGlobalSection
	GlobalSection(SolutionProperties) = preSolution
		HideSolutionNode = FALSE
	EndGlobalSection
	GlobalSection(ExtensibilityGlobals) = postSolution
		SolutionGuid = {0892446A-39DA-45F1-8387-965093942679}
	EndGlobalSection
EndGlobal
